
Microsoft Visual Studio Solution File, Format Version 12.00
# Visual Studio Version 16
VisualStudioVersion = 16.0.30804.86
MinimumVisualStudioVersion = 10.0.40219.1
Project("{2150E333-8FDC-42A3-9474-1A3956D46DE8}") = "UI", "UI", "{58D9F3FA-201A-42CA-A8FD-7AD034A5E555}"
EndProject
Project("{2150E333-8FDC-42A3-9474-1A3956D46DE8}") = "Services", "Services", "{52C8CCD4-C112-44F9-B36C-7F74C3B935DD}"
EndProject
Project("{2150E333-8FDC-42A3-9474-1A3956D46DE8}") = "Common", "Common", "{18461E5A-1239-4989-95C7-88286FCA6E10}"
EndProject
Project("{9A19103F-16F7-4668-BE54-9A1E7A4F7556}") = "GbWebApp.Domain", "Common\GbWebApp.Domain\GbWebApp.Domain.csproj", "{7B23AA62-AF66-45B5-BCDB-0419F28415B8}"
EndProject
Project("{9A19103F-16F7-4668-BE54-9A1E7A4F7556}") = "GbWebApp.DAL", "Services\GbWebApp.DAL\GbWebApp.DAL.csproj", "{EC94F462-1B15-4A3F-BB1A-BA67194B0629}"
EndProject
Project("{9A19103F-16F7-4668-BE54-9A1E7A4F7556}") = "GbWebApp", "UI\GbWebApp\GbWebApp.csproj", "{543BC2E1-521A-4121-9E21-CC648A983E3C}"
EndProject
Project("{9A19103F-16F7-4668-BE54-9A1E7A4F7556}") = "GbWebApp.Interfaces", "Services\GbWebApp.Interfaces\GbWebApp.Interfaces.csproj", "{14E10FA4-D76B-49A4-A4DA-B624658658A4}"
EndProject
Project("{9A19103F-16F7-4668-BE54-9A1E7A4F7556}") = "GbWebApp.Services", "Services\GbWebApp.Services\GbWebApp.Services.csproj", "{2807917F-2B70-422F-9103-855ACB13448A}"
EndProject
Project("{9A19103F-16F7-4668-BE54-9A1E7A4F7556}") = "GbWebApp.ServiceHosting", "Services\GbWebApp.ServiceHosting\GbWebApp.ServiceHosting.csproj", "{38FDFAA4-4A0B-4B99-B970-D00AC441C43E}"
EndProject
Project("{9A19103F-16F7-4668-BE54-9A1E7A4F7556}") = "GbWebApp.Clients", "Services\GbWebApp.Clients\GbWebApp.Clients.csproj", "{569680CC-84DD-404F-AD5C-90D4A80313EB}"
EndProject
Project("{FAE04EC0-301F-11D3-BF4B-00C04F79EFBC}") = "GbWebApp.Logger", "Common\GbWebApp.Logger\GbWebApp.Logger.csproj", "{0687B6AE-B678-434F-A5CD-433544DF87F0}"
EndProject
Global
	GlobalSection(SolutionConfigurationPlatforms) = preSolution
		Debug|Any CPU = Debug|Any CPU
		Release|Any CPU = Release|Any CPU
	EndGlobalSection
	GlobalSection(ProjectConfigurationPlatforms) = postSolution
		{7B23AA62-AF66-45B5-BCDB-0419F28415B8}.Debug|Any CPU.ActiveCfg = Debug|Any CPU
		{7B23AA62-AF66-45B5-BCDB-0419F28415B8}.Debug|Any CPU.Build.0 = Debug|Any CPU
		{7B23AA62-AF66-45B5-BCDB-0419F28415B8}.Release|Any CPU.ActiveCfg = Release|Any CPU
		{7B23AA62-AF66-45B5-BCDB-0419F28415B8}.Release|Any CPU.Build.0 = Release|Any CPU
		{EC94F462-1B15-4A3F-BB1A-BA67194B0629}.Debug|Any CPU.ActiveCfg = Debug|Any CPU
		{EC94F462-1B15-4A3F-BB1A-BA67194B0629}.Debug|Any CPU.Build.0 = Debug|Any CPU
		{EC94F462-1B15-4A3F-BB1A-BA67194B0629}.Release|Any CPU.ActiveCfg = Release|Any CPU
		{EC94F462-1B15-4A3F-BB1A-BA67194B0629}.Release|Any CPU.Build.0 = Release|Any CPU
		{543BC2E1-521A-4121-9E21-CC648A983E3C}.Debug|Any CPU.ActiveCfg = Debug|Any CPU
		{543BC2E1-521A-4121-9E21-CC648A983E3C}.Debug|Any CPU.Build.0 = Debug|Any CPU
		{543BC2E1-521A-4121-9E21-CC648A983E3C}.Release|Any CPU.ActiveCfg = Release|Any CPU
		{543BC2E1-521A-4121-9E21-CC648A983E3C}.Release|Any CPU.Build.0 = Release|Any CPU
		{14E10FA4-D76B-49A4-A4DA-B624658658A4}.Debug|Any CPU.ActiveCfg = Debug|Any CPU
		{14E10FA4-D76B-49A4-A4DA-B624658658A4}.Debug|Any CPU.Build.0 = Debug|Any CPU
		{14E10FA4-D76B-49A4-A4DA-B624658658A4}.Release|Any CPU.ActiveCfg = Release|Any CPU
		{14E10FA4-D76B-49A4-A4DA-B624658658A4}.Release|Any CPU.Build.0 = Release|Any CPU
		{2807917F-2B70-422F-9103-855ACB13448A}.Debug|Any CPU.ActiveCfg = Debug|Any CPU
		{2807917F-2B70-422F-9103-855ACB13448A}.Debug|Any CPU.Build.0 = Debug|Any CPU
		{2807917F-2B70-422F-9103-855ACB13448A}.Release|Any CPU.ActiveCfg = Release|Any CPU
		{2807917F-2B70-422F-9103-855ACB13448A}.Release|Any CPU.Build.0 = Release|Any CPU
		{38FDFAA4-4A0B-4B99-B970-D00AC441C43E}.Debug|Any CPU.ActiveCfg = Debug|Any CPU
		{38FDFAA4-4A0B-4B99-B970-D00AC441C43E}.Debug|Any CPU.Build.0 = Debug|Any CPU
		{38FDFAA4-4A0B-4B99-B970-D00AC441C43E}.Release|Any CPU.ActiveCfg = Release|Any CPU
		{38FDFAA4-4A0B-4B99-B970-D00AC441C43E}.Release|Any CPU.Build.0 = Release|Any CPU
		{569680CC-84DD-404F-AD5C-90D4A80313EB}.Debug|Any CPU.ActiveCfg = Debug|Any CPU
		{569680CC-84DD-404F-AD5C-90D4A80313EB}.Debug|Any CPU.Build.0 = Debug|Any CPU
		{569680CC-84DD-404F-AD5C-90D4A80313EB}.Release|Any CPU.ActiveCfg = Release|Any CPU
		{569680CC-84DD-404F-AD5C-90D4A80313EB}.Release|Any CPU.Build.0 = Release|Any CPU
		{0687B6AE-B678-434F-A5CD-433544DF87F0}.Debug|Any CPU.ActiveCfg = Debug|Any CPU
		{0687B6AE-B678-434F-A5CD-433544DF87F0}.Debug|Any CPU.Build.0 = Debug|Any CPU
		{0687B6AE-B678-434F-A5CD-433544DF87F0}.Release|Any CPU.ActiveCfg = Release|Any CPU
		{0687B6AE-B678-434F-A5CD-433544DF87F0}.Release|Any CPU.Build.0 = Release|Any CPU
	EndGlobalSection
	GlobalSection(SolutionProperties) = preSolution
		HideSolutionNode = FALSE
	EndGlobalSection
	GlobalSection(NestedProjects) = preSolution
		{7B23AA62-AF66-45B5-BCDB-0419F28415B8} = {18461E5A-1239-4989-95C7-88286FCA6E10}
		{EC94F462-1B15-4A3F-BB1A-BA67194B0629} = {52C8CCD4-C112-44F9-B36C-7F74C3B935DD}
		{543BC2E1-521A-4121-9E21-CC648A983E3C} = {58D9F3FA-201A-42CA-A8FD-7AD034A5E555}
		{14E10FA4-D76B-49A4-A4DA-B624658658A4} = {52C8CCD4-C112-44F9-B36C-7F74C3B935DD}
		{2807917F-2B70-422F-9103-855ACB13448A} = {52C8CCD4-C112-44F9-B36C-7F74C3B935DD}
		{38FDFAA4-4A0B-4B99-B970-D00AC441C43E} = {52C8CCD4-C112-44F9-B36C-7F74C3B935DD}
		{569680CC-84DD-404F-AD5C-90D4A80313EB} = {52C8CCD4-C112-44F9-B36C-7F74C3B935DD}
		{0687B6AE-B678-434F-A5CD-433544DF87F0} = {18461E5A-1239-4989-95C7-88286FCA6E10}
	EndGlobalSection
	GlobalSection(ExtensibilityGlobals) = postSolution
		SolutionGuid = {1FB38A22-85FF-415D-9199-682C0986E2B3}
	EndGlobalSection
EndGlobal
